
Microsoft Visual Studio Solution File, Format Version 12.00
# Visual Studio Version 16
VisualStudioVersion = 16.0.29123.88
MinimumVisualStudioVersion = 10.0.40219.1
Project("{FAE04EC0-301F-11D3-BF4B-00C04F79EFBC}") = "PlanOperator", "PlanOperator.csproj", "{46F9D1E9-409E-4099-B090-A6A600E2AFEC}"
EndProject
Global
	GlobalSection(SolutionConfigurationPlatforms) = preSolution
		Debug|x64 = Debug|x64
		Release|x64 = Release|x64
	EndGlobalSection
	GlobalSection(ProjectConfigurationPlatforms) = postSolution
		{46F9D1E9-409E-4099-B090-A6A600E2AFEC}.Debug|x64.ActiveCfg = Debug|x64
		{46F9D1E9-409E-4099-B090-A6A600E2AFEC}.Debug|x64.Build.0 = Debug|x64
		{46F9D1E9-409E-4099-B090-A6A600E2AFEC}.Release|x64.ActiveCfg = Release|x64
		{46F9D1E9-409E-4099-B090-A6A600E2AFEC}.Release|x64.Build.0 = Release|x64
	EndGlobalSection
	GlobalSection(SolutionProperties) = preSolution
		HideSolutionNode = FALSE
	EndGlobalSection
	GlobalSection(ExtensibilityGlobals) = postSolution
		SolutionGuid = {E24290A1-E481-4AFD-9D05-0F04D3BA482C}
	EndGlobalSection
EndGlobal
