
Microsoft Visual Studio Solution File, Format Version 12.00
# Visual Studio Version 16
VisualStudioVersion = 16.0.29123.88
MinimumVisualStudioVersion = 10.0.40219.1
Project("{FAE04EC0-301F-11D3-BF4B-00C04F79EFBC}") = "Dose_Metrics", "Dose_Metrics.csproj", "{01FA5853-4C21-43E1-91DE-17D50CBE451D}"
EndProject
Global
	GlobalSection(SolutionConfigurationPlatforms) = preSolution
		Debug|x64 = Debug|x64
		Release|x64 = Release|x64
	EndGlobalSection
	GlobalSection(ProjectConfigurationPlatforms) = postSolution
		{01FA5853-4C21-43E1-91DE-17D50CBE451D}.Debug|x64.ActiveCfg = Debug|x64
		{01FA5853-4C21-43E1-91DE-17D50CBE451D}.Debug|x64.Build.0 = Debug|x64
		{01FA5853-4C21-43E1-91DE-17D50CBE451D}.Release|x64.ActiveCfg = Release|x64
		{01FA5853-4C21-43E1-91DE-17D50CBE451D}.Release|x64.Build.0 = Release|x64
	EndGlobalSection
	GlobalSection(SolutionProperties) = preSolution
		HideSolutionNode = FALSE
	EndGlobalSection
	GlobalSection(ExtensibilityGlobals) = postSolution
		SolutionGuid = {F44A20B6-2BB6-492E-9CBD-4A11055CA43D}
	EndGlobalSection
EndGlobal
