
Microsoft Visual Studio Solution File, Format Version 12.00
# Visual Studio Version 16
VisualStudioVersion = 16.0.29123.88
MinimumVisualStudioVersion = 10.0.40219.1
Project("{FAE04EC0-301F-11D3-BF4B-00C04F79EFBC}") = "ModelValidation", "ModelValidation\ModelValidation.csproj", "{58021C92-C359-474B-97AC-B09E51DD7CCE}"
EndProject
Global
	GlobalSection(SolutionConfigurationPlatforms) = preSolution
		Debug|Any CPU = Debug|Any CPU
		Release|Any CPU = Release|Any CPU
	EndGlobalSection
	GlobalSection(ProjectConfigurationPlatforms) = postSolution
		{58021C92-C359-474B-97AC-B09E51DD7CCE}.Debug|Any CPU.ActiveCfg = Debug|Any CPU
		{58021C92-C359-474B-97AC-B09E51DD7CCE}.Debug|Any CPU.Build.0 = Debug|Any CPU
		{58021C92-C359-474B-97AC-B09E51DD7CCE}.Release|Any CPU.ActiveCfg = Release|Any CPU
		{58021C92-C359-474B-97AC-B09E51DD7CCE}.Release|Any CPU.Build.0 = Release|Any CPU
	EndGlobalSection
	GlobalSection(SolutionProperties) = preSolution
		HideSolutionNode = FALSE
	EndGlobalSection
	GlobalSection(ExtensibilityGlobals) = postSolution
		SolutionGuid = {FC1CDCB2-686D-4A98-BFD1-62C628903CF4}
	EndGlobalSection
EndGlobal
